
Microsoft Visual Studio Solution File, Format Version 12.00
# Visual Studio 15
VisualStudioVersion = 15.0.27004.2002
MinimumVisualStudioVersion = 10.0.40219.1
Project("{FAE04EC0-301F-11D3-BF4B-00C04F79EFBC}") = "Dice Roller 2", "Dice Roller 2\Dice Roller 2.csproj", "{FCD285DB-E562-4838-B033-10F740AAEDEB}"
EndProject
Global
	GlobalSection(SolutionConfigurationPlatforms) = preSolution
		Debug|Any CPU = Debug|Any CPU
		Release|Any CPU = Release|Any CPU
	EndGlobalSection
	GlobalSection(ProjectConfigurationPlatforms) = postSolution
		{FCD285DB-E562-4838-B033-10F740AAEDEB}.Debug|Any CPU.ActiveCfg = Debug|Any CPU
		{FCD285DB-E562-4838-B033-10F740AAEDEB}.Debug|Any CPU.Build.0 = Debug|Any CPU
		{FCD285DB-E562-4838-B033-10F740AAEDEB}.Release|Any CPU.ActiveCfg = Release|Any CPU
		{FCD285DB-E562-4838-B033-10F740AAEDEB}.Release|Any CPU.Build.0 = Release|Any CPU
	EndGlobalSection
	GlobalSection(SolutionProperties) = preSolution
		HideSolutionNode = FALSE
	EndGlobalSection
	GlobalSection(ExtensibilityGlobals) = postSolution
		SolutionGuid = {A03EBE26-BECA-4E14-AB19-788184F3EC43}
	EndGlobalSection
EndGlobal
