
Microsoft Visual Studio Solution File, Format Version 12.00
# Visual Studio 15
VisualStudioVersion = 15.0.27004.2002
MinimumVisualStudioVersion = 10.0.40219.1
Project("{FAE04EC0-301F-11D3-BF4B-00C04F79EFBC}") = "02 - Exercises", "02 - Exercises\02 - Exercises.csproj", "{11B7169E-C333-4B87-933A-702D54FC99FD}"
EndProject
Global
	GlobalSection(SolutionConfigurationPlatforms) = preSolution
		Debug|Any CPU = Debug|Any CPU
		Release|Any CPU = Release|Any CPU
	EndGlobalSection
	GlobalSection(ProjectConfigurationPlatforms) = postSolution
		{11B7169E-C333-4B87-933A-702D54FC99FD}.Debug|Any CPU.ActiveCfg = Debug|Any CPU
		{11B7169E-C333-4B87-933A-702D54FC99FD}.Debug|Any CPU.Build.0 = Debug|Any CPU
		{11B7169E-C333-4B87-933A-702D54FC99FD}.Release|Any CPU.ActiveCfg = Release|Any CPU
		{11B7169E-C333-4B87-933A-702D54FC99FD}.Release|Any CPU.Build.0 = Release|Any CPU
	EndGlobalSection
	GlobalSection(SolutionProperties) = preSolution
		HideSolutionNode = FALSE
	EndGlobalSection
	GlobalSection(ExtensibilityGlobals) = postSolution
		SolutionGuid = {03E6BD13-6058-4D3A-BEE4-C752E9A6D90C}
	EndGlobalSection
EndGlobal
