
Microsoft Visual Studio Solution File, Format Version 12.00
# Visual Studio 15
VisualStudioVersion = 15.0.27004.2002
MinimumVisualStudioVersion = 10.0.40219.1
Project("{FAE04EC0-301F-11D3-BF4B-00C04F79EFBC}") = "08 - Exercise", "08 - Exercise\08 - Exercise.csproj", "{3DD79390-1C33-40AB-BF8C-FA6835D90CB2}"
EndProject
Global
	GlobalSection(SolutionConfigurationPlatforms) = preSolution
		Debug|Any CPU = Debug|Any CPU
		Release|Any CPU = Release|Any CPU
	EndGlobalSection
	GlobalSection(ProjectConfigurationPlatforms) = postSolution
		{3DD79390-1C33-40AB-BF8C-FA6835D90CB2}.Debug|Any CPU.ActiveCfg = Debug|Any CPU
		{3DD79390-1C33-40AB-BF8C-FA6835D90CB2}.Debug|Any CPU.Build.0 = Debug|Any CPU
		{3DD79390-1C33-40AB-BF8C-FA6835D90CB2}.Release|Any CPU.ActiveCfg = Release|Any CPU
		{3DD79390-1C33-40AB-BF8C-FA6835D90CB2}.Release|Any CPU.Build.0 = Release|Any CPU
	EndGlobalSection
	GlobalSection(SolutionProperties) = preSolution
		HideSolutionNode = FALSE
	EndGlobalSection
	GlobalSection(ExtensibilityGlobals) = postSolution
		SolutionGuid = {4B31628F-9CE8-4610-9A9B-FFC4F7CE45A8}
	EndGlobalSection
EndGlobal
