
Microsoft Visual Studio Solution File, Format Version 12.00
# Visual Studio 15
VisualStudioVersion = 15.0.27004.2002
MinimumVisualStudioVersion = 10.0.40219.1
Project("{FAE04EC0-301F-11D3-BF4B-00C04F79EFBC}") = "03 - Exercise", "03 - Exercise\03 - Exercise.csproj", "{A3BD8B09-3AE1-4252-AF79-D5B314174FD9}"
EndProject
Global
	GlobalSection(SolutionConfigurationPlatforms) = preSolution
		Debug|Any CPU = Debug|Any CPU
		Release|Any CPU = Release|Any CPU
	EndGlobalSection
	GlobalSection(ProjectConfigurationPlatforms) = postSolution
		{A3BD8B09-3AE1-4252-AF79-D5B314174FD9}.Debug|Any CPU.ActiveCfg = Debug|Any CPU
		{A3BD8B09-3AE1-4252-AF79-D5B314174FD9}.Debug|Any CPU.Build.0 = Debug|Any CPU
		{A3BD8B09-3AE1-4252-AF79-D5B314174FD9}.Release|Any CPU.ActiveCfg = Release|Any CPU
		{A3BD8B09-3AE1-4252-AF79-D5B314174FD9}.Release|Any CPU.Build.0 = Release|Any CPU
	EndGlobalSection
	GlobalSection(SolutionProperties) = preSolution
		HideSolutionNode = FALSE
	EndGlobalSection
	GlobalSection(ExtensibilityGlobals) = postSolution
		SolutionGuid = {A3F1AFC0-F500-42A2-8BE7-E731EA360FE1}
	EndGlobalSection
EndGlobal
