
Microsoft Visual Studio Solution File, Format Version 12.00
# Visual Studio 15
VisualStudioVersion = 15.0.27004.2002
MinimumVisualStudioVersion = 10.0.40219.1
Project("{FAE04EC0-301F-11D3-BF4B-00C04F79EFBC}") = "04 - Ex", "04 - Ex\04 - Ex.csproj", "{CA540E89-744C-4B2D-914E-BA839F592A6B}"
EndProject
Global
	GlobalSection(SolutionConfigurationPlatforms) = preSolution
		Debug|Any CPU = Debug|Any CPU
		Release|Any CPU = Release|Any CPU
	EndGlobalSection
	GlobalSection(ProjectConfigurationPlatforms) = postSolution
		{CA540E89-744C-4B2D-914E-BA839F592A6B}.Debug|Any CPU.ActiveCfg = Debug|Any CPU
		{CA540E89-744C-4B2D-914E-BA839F592A6B}.Debug|Any CPU.Build.0 = Debug|Any CPU
		{CA540E89-744C-4B2D-914E-BA839F592A6B}.Release|Any CPU.ActiveCfg = Release|Any CPU
		{CA540E89-744C-4B2D-914E-BA839F592A6B}.Release|Any CPU.Build.0 = Release|Any CPU
	EndGlobalSection
	GlobalSection(SolutionProperties) = preSolution
		HideSolutionNode = FALSE
	EndGlobalSection
	GlobalSection(ExtensibilityGlobals) = postSolution
		SolutionGuid = {2B06228A-E649-4B23-86C6-91732ED48FED}
	EndGlobalSection
EndGlobal
